
Microsoft Visual Studio Solution File, Format Version 12.00
# Visual Studio Version 17
VisualStudioVersion = 17.5.001.0
MinimumVisualStudioVersion = 10.0.40219.1
Project("{9A19103F-16F7-4668-BE54-9A1E7A4F7556}") = "JogoThomas", "JogoThomas.csproj", "{40A91DAA-B159-4BCB-B4ED-0E5CFF11F6B3}"
EndProject
Global
	GlobalSection(SolutionConfigurationPlatforms) = preSolution
		Debug|Any CPU = Debug|Any CPU
		Release|Any CPU = Release|Any CPU
	EndGlobalSection
	GlobalSection(ProjectConfigurationPlatforms) = postSolution
		{40A91DAA-B159-4BCB-B4ED-0E5CFF11F6B3}.Debug|Any CPU.ActiveCfg = Debug|Any CPU
		{40A91DAA-B159-4BCB-B4ED-0E5CFF11F6B3}.Debug|Any CPU.Build.0 = Debug|Any CPU
		{40A91DAA-B159-4BCB-B4ED-0E5CFF11F6B3}.Release|Any CPU.ActiveCfg = Release|Any CPU
		{40A91DAA-B159-4BCB-B4ED-0E5CFF11F6B3}.Release|Any CPU.Build.0 = Release|Any CPU
	EndGlobalSection
	GlobalSection(SolutionProperties) = preSolution
		HideSolutionNode = FALSE
	EndGlobalSection
	GlobalSection(ExtensibilityGlobals) = postSolution
		SolutionGuid = {55FA6DC3-3310-4043-A838-1ABADB5FEC86}
	EndGlobalSection
EndGlobal
